{
  "name": "community",
  "lockfileVersion": 3,
  "requires": true,
  "packages": {
    "": {
      "dependencies": {
        "weui-miniprogram": "^1.4.1"
      }
    },
    "node_modules/weui-miniprogram": {
      "version": "1.4.1",
      "resolved": "https://registry.npmjs.org/weui-miniprogram/-/weui-miniprogram-1.4.1.tgz",
      "integrity": "sha512-4Xx5xER7MFs43AHqt7LJRi7CmNEDSLudfGDLJcpbL2TO0oLps5e+CNstWdN3K64/iQYqlMX6AxehDIjzmmuPsQ==",
      "license": "MIT"
    }
  }
}
